
Microsoft Visual Studio Solution File, Format Version 12.00
# Visual Studio Version 16
VisualStudioVersion = 16.0.29318.209
MinimumVisualStudioVersion = 10.0.40219.1
Project("{9A19103F-16F7-4668-BE54-9A1E7A4F7556}") = "Mvc_Reservas", "Mvc_Reservas\Mvc_Reservas.csproj", "{8F712B90-4803-4A6A-A201-99EADD89F57A}"
EndProject
Global
	GlobalSection(SolutionConfigurationPlatforms) = preSolution
		Debug|Any CPU = Debug|Any CPU
		Release|Any CPU = Release|Any CPU
	EndGlobalSection
	GlobalSection(ProjectConfigurationPlatforms) = postSolution
		{8F712B90-4803-4A6A-A201-99EADD89F57A}.Debug|Any CPU.ActiveCfg = Debug|Any CPU
		{8F712B90-4803-4A6A-A201-99EADD89F57A}.Debug|Any CPU.Build.0 = Debug|Any CPU
		{8F712B90-4803-4A6A-A201-99EADD89F57A}.Release|Any CPU.ActiveCfg = Release|Any CPU
		{8F712B90-4803-4A6A-A201-99EADD89F57A}.Release|Any CPU.Build.0 = Release|Any CPU
	EndGlobalSection
	GlobalSection(SolutionProperties) = preSolution
		HideSolutionNode = FALSE
	EndGlobalSection
	GlobalSection(ExtensibilityGlobals) = postSolution
		SolutionGuid = {47682793-54A5-4AAC-912F-9AF133A94DD8}
	EndGlobalSection
EndGlobal
