
Microsoft Visual Studio Solution File, Format Version 12.00
# Visual Studio Version 16
VisualStudioVersion = 16.0.31515.178
MinimumVisualStudioVersion = 10.0.40219.1
Project("{9A19103F-16F7-4668-BE54-9A1E7A4F7556}") = "ApiReservas", "ApiReservas\ApiReservas.csproj", "{AEB1A5E8-8788-4D30-9193-8AED67797113}"
EndProject
Project("{9A19103F-16F7-4668-BE54-9A1E7A4F7556}") = "mvc_reservas", "mvc_reservas\mvc_reservas.csproj", "{23E5422D-197B-4B3C-8C29-9C1C8B467AC9}"
EndProject
Global
	GlobalSection(SolutionConfigurationPlatforms) = preSolution
		Debug|Any CPU = Debug|Any CPU
		Release|Any CPU = Release|Any CPU
	EndGlobalSection
	GlobalSection(ProjectConfigurationPlatforms) = postSolution
		{AEB1A5E8-8788-4D30-9193-8AED67797113}.Debug|Any CPU.ActiveCfg = Debug|Any CPU
		{AEB1A5E8-8788-4D30-9193-8AED67797113}.Debug|Any CPU.Build.0 = Debug|Any CPU
		{AEB1A5E8-8788-4D30-9193-8AED67797113}.Release|Any CPU.ActiveCfg = Release|Any CPU
		{AEB1A5E8-8788-4D30-9193-8AED67797113}.Release|Any CPU.Build.0 = Release|Any CPU
		{23E5422D-197B-4B3C-8C29-9C1C8B467AC9}.Debug|Any CPU.ActiveCfg = Debug|Any CPU
		{23E5422D-197B-4B3C-8C29-9C1C8B467AC9}.Debug|Any CPU.Build.0 = Debug|Any CPU
		{23E5422D-197B-4B3C-8C29-9C1C8B467AC9}.Release|Any CPU.ActiveCfg = Release|Any CPU
		{23E5422D-197B-4B3C-8C29-9C1C8B467AC9}.Release|Any CPU.Build.0 = Release|Any CPU
	EndGlobalSection
	GlobalSection(SolutionProperties) = preSolution
		HideSolutionNode = FALSE
	EndGlobalSection
	GlobalSection(ExtensibilityGlobals) = postSolution
		SolutionGuid = {1A8A0433-72F5-487F-A33E-ECE1D8EF5E79}
	EndGlobalSection
EndGlobal
