
Microsoft Visual Studio Solution File, Format Version 12.00
# Visual Studio Version 16
VisualStudioVersion = 16.0.31515.178
MinimumVisualStudioVersion = 10.0.40219.1
Project("{9A19103F-16F7-4668-BE54-9A1E7A4F7556}") = "ApiReservas", "SistemaDeReservas\ApiReservas\ApiReservas.csproj", "{3C8F7081-37DD-4935-A212-B0A4905006B6}"
EndProject
Project("{9A19103F-16F7-4668-BE54-9A1E7A4F7556}") = "Mvc_Reservas", "SistemaDeReservas\Mvc_Reservas\Mvc_Reservas.csproj", "{3D7EF32D-DCD1-402E-A31C-7F68903CACED}"
EndProject
Global
	GlobalSection(SolutionConfigurationPlatforms) = preSolution
		Debug|Any CPU = Debug|Any CPU
		Release|Any CPU = Release|Any CPU
	EndGlobalSection
	GlobalSection(ProjectConfigurationPlatforms) = postSolution
		{3C8F7081-37DD-4935-A212-B0A4905006B6}.Debug|Any CPU.ActiveCfg = Debug|Any CPU
		{3C8F7081-37DD-4935-A212-B0A4905006B6}.Debug|Any CPU.Build.0 = Debug|Any CPU
		{3C8F7081-37DD-4935-A212-B0A4905006B6}.Release|Any CPU.ActiveCfg = Release|Any CPU
		{3C8F7081-37DD-4935-A212-B0A4905006B6}.Release|Any CPU.Build.0 = Release|Any CPU
		{3D7EF32D-DCD1-402E-A31C-7F68903CACED}.Debug|Any CPU.ActiveCfg = Debug|Any CPU
		{3D7EF32D-DCD1-402E-A31C-7F68903CACED}.Debug|Any CPU.Build.0 = Debug|Any CPU
		{3D7EF32D-DCD1-402E-A31C-7F68903CACED}.Release|Any CPU.ActiveCfg = Release|Any CPU
		{3D7EF32D-DCD1-402E-A31C-7F68903CACED}.Release|Any CPU.Build.0 = Release|Any CPU
	EndGlobalSection
	GlobalSection(SolutionProperties) = preSolution
		HideSolutionNode = FALSE
	EndGlobalSection
	GlobalSection(ExtensibilityGlobals) = postSolution
		SolutionGuid = {52B12849-34A9-4ED5-B815-3EAB12D9A5F1}
	EndGlobalSection
EndGlobal
